
Microsoft Visual Studio Solution File, Format Version 12.00
# Visual Studio Version 16
VisualStudioVersion = 16.0.31112.23
MinimumVisualStudioVersion = 10.0.40219.1
Project("{FAE04EC0-301F-11D3-BF4B-00C04F79EFBC}") = "BaseApi", "BaseApi\BaseApi.csproj", "{AB9A9194-0026-441F-B143-1CB06F3BA337}"
EndProject
Global
	GlobalSection(SolutionConfigurationPlatforms) = preSolution
		Debug|Any CPU = Debug|Any CPU
		Release|Any CPU = Release|Any CPU
	EndGlobalSection
	GlobalSection(ProjectConfigurationPlatforms) = postSolution
		{AB9A9194-0026-441F-B143-1CB06F3BA337}.Debug|Any CPU.ActiveCfg = Debug|Any CPU
		{AB9A9194-0026-441F-B143-1CB06F3BA337}.Debug|Any CPU.Build.0 = Debug|Any CPU
		{AB9A9194-0026-441F-B143-1CB06F3BA337}.Release|Any CPU.ActiveCfg = Release|Any CPU
		{AB9A9194-0026-441F-B143-1CB06F3BA337}.Release|Any CPU.Build.0 = Release|Any CPU
	EndGlobalSection
	GlobalSection(SolutionProperties) = preSolution
		HideSolutionNode = FALSE
	EndGlobalSection
	GlobalSection(ExtensibilityGlobals) = postSolution
		SolutionGuid = {BC44A7B4-168B-4718-BE97-E9500F4A315F}
	EndGlobalSection
EndGlobal
